// !$*UTF8*$!
{
	archiveVersion = 1;
	classes = {
	};
	objectVersion = 51;
	objects = {

/* Begin PBXBuildFile section */
		B412CA4F263149A60000C1C5 /* UserCell.swift in Sources */ = {isa = PBXBuildFile; fileRef = B412CA4E263149A60000C1C5 /* UserCell.swift */; };
		B412CA52263161130000C1C5 /* UserCellViewModel.swift in Sources */ = {isa = PBXBuildFile; fileRef = B412CA51263161130000C1C5 /* UserCellViewModel.swift */; };
		B4173D5C263061ED00361969 /* UserService.swift in Sources */ = {isa = PBXBuildFile; fileRef = B4173D5B263061ED00361969 /* UserService.swift */; };
		B4173D5F2630626A00361969 /* Constants.swift in Sources */ = {isa = PBXBuildFile; fileRef = B4173D5E2630626A00361969 /* Constants.swift */; };
		B4173D622630659A00361969 /* User.swift in Sources */ = {isa = PBXBuildFile; fileRef = B4173D612630659A00361969 /* User.swift */; };
		B4173D652630759C00361969 /* ProfileHeaderViewModel.swift in Sources */ = {isa = PBXBuildFile; fileRef = B4173D642630759C00361969 /* ProfileHeaderViewModel.swift */; };
		B42C3557262FD24D008E8959 /* ProfileCell.swift in Sources */ = {isa = PBXBuildFile; fileRef = B42C3556262FD24D008E8959 /* ProfileCell.swift */; };
		B42C355A262FD259008E8959 /* ProfileHeader.swift in Sources */ = {isa = PBXBuildFile; fileRef = B42C3559262FD259008E8959 /* ProfileHeader.swift */; };
		B42D47A6262EB089003DBB57 /* AppDelegate.swift in Sources */ = {isa = PBXBuildFile; fileRef = B42D47A5262EB089003DBB57 /* AppDelegate.swift */; };
		B42D47A8262EB089003DBB57 /* SceneDelegate.swift in Sources */ = {isa = PBXBuildFile; fileRef = B42D47A7262EB089003DBB57 /* SceneDelegate.swift */; };
		B42D47AA262EB089003DBB57 /* ViewController.swift in Sources */ = {isa = PBXBuildFile; fileRef = B42D47A9262EB089003DBB57 /* ViewController.swift */; };
		B42D47AD262EB089003DBB57 /* Main.storyboard in Resources */ = {isa = PBXBuildFile; fileRef = B42D47AB262EB089003DBB57 /* Main.storyboard */; };
		B42D47AF262EB08A003DBB57 /* Assets.xcassets in Resources */ = {isa = PBXBuildFile; fileRef = B42D47AE262EB08A003DBB57 /* Assets.xcassets */; };
		B42D47B2262EB08A003DBB57 /* LaunchScreen.storyboard in Resources */ = {isa = PBXBuildFile; fileRef = B42D47B0262EB08A003DBB57 /* LaunchScreen.storyboard */; };
		B42D47C3262EB17A003DBB57 /* FeedCell.swift in Sources */ = {isa = PBXBuildFile; fileRef = B42D47C2262EB17A003DBB57 /* FeedCell.swift */; };
		B42D47C6262EB188003DBB57 /* CustomTextField.swift in Sources */ = {isa = PBXBuildFile; fileRef = B42D47C5262EB188003DBB57 /* CustomTextField.swift */; };
		B42D47C9262EB1AE003DBB57 /* AuthenticationViewModel.swift in Sources */ = {isa = PBXBuildFile; fileRef = B42D47C8262EB1AE003DBB57 /* AuthenticationViewModel.swift */; };
		B42D47CC262EB1BF003DBB57 /* LoginController.swift in Sources */ = {isa = PBXBuildFile; fileRef = B42D47CB262EB1BF003DBB57 /* LoginController.swift */; };
		B42D47CF262EB1CA003DBB57 /* RegistrationController.swift in Sources */ = {isa = PBXBuildFile; fileRef = B42D47CE262EB1CA003DBB57 /* RegistrationController.swift */; };
		B42D47D2262EB1DE003DBB57 /* MainTapController.swift in Sources */ = {isa = PBXBuildFile; fileRef = B42D47D1262EB1DE003DBB57 /* MainTapController.swift */; };
		B42D47D5262EB1E9003DBB57 /* FeedController.swift in Sources */ = {isa = PBXBuildFile; fileRef = B42D47D4262EB1E9003DBB57 /* FeedController.swift */; };
		B42D47D8262EB1F5003DBB57 /* SearchController.swift in Sources */ = {isa = PBXBuildFile; fileRef = B42D47D7262EB1F5003DBB57 /* SearchController.swift */; };
		B42D47DB262EB201003DBB57 /* ImageSelectorController.swift in Sources */ = {isa = PBXBuildFile; fileRef = B42D47DA262EB201003DBB57 /* ImageSelectorController.swift */; };
		B42D47DE262EB20D003DBB57 /* NotificationController.swift in Sources */ = {isa = PBXBuildFile; fileRef = B42D47DD262EB20D003DBB57 /* NotificationController.swift */; };
		B42D47E1262EB214003DBB57 /* ProfileController.swift in Sources */ = {isa = PBXBuildFile; fileRef = B42D47E0262EB214003DBB57 /* ProfileController.swift */; };
		B42D47E4262EB21F003DBB57 /* Extentions.swift in Sources */ = {isa = PBXBuildFile; fileRef = B42D47E3262EB21F003DBB57 /* Extentions.swift */; };
		B42D47E7262EB6D4003DBB57 /* GoogleService-Info.plist in Resources */ = {isa = PBXBuildFile; fileRef = B42D47E6262EB6D4003DBB57 /* GoogleService-Info.plist */; };
		B42D480B262EBA48003DBB57 /* ImageUploader.swift in Sources */ = {isa = PBXBuildFile; fileRef = B42D480A262EBA48003DBB57 /* ImageUploader.swift */; };
		B42D480F262EBA5D003DBB57 /* AuthService.swift in Sources */ = {isa = PBXBuildFile; fileRef = B42D480E262EBA5D003DBB57 /* AuthService.swift */; };
		B42D71F226352F1200900128 /* UploadPostController.swift in Sources */ = {isa = PBXBuildFile; fileRef = B42D71F126352F1200900128 /* UploadPostController.swift */; };
		B42D71F526353B4A00900128 /* InputTextView.swift in Sources */ = {isa = PBXBuildFile; fileRef = B42D71F426353B4A00900128 /* InputTextView.swift */; };
		D26707BE18CF86E0269BE5D0 /* Pods_InstagramFireStoreTutorial.framework in Frameworks */ = {isa = PBXBuildFile; fileRef = CA3C3AACD959508A9754A59B /* Pods_InstagramFireStoreTutorial.framework */; };
/* End PBXBuildFile section */

/* Begin PBXFileReference section */
		0358A1B480BBAF30C25D0A92 /* Pods-InstagramFireStoreTutorial.release.xcconfig */ = {isa = PBXFileReference; includeInIndex = 1; lastKnownFileType = text.xcconfig; name = "Pods-InstagramFireStoreTutorial.release.xcconfig"; path = "Target Support Files/Pods-InstagramFireStoreTutorial/Pods-InstagramFireStoreTutorial.release.xcconfig"; sourceTree = "<group>"; };
		B412CA4E263149A60000C1C5 /* UserCell.swift */ = {isa = PBXFileReference; lastKnownFileType = sourcecode.swift; path = UserCell.swift; sourceTree = "<group>"; };
		B412CA51263161130000C1C5 /* UserCellViewModel.swift */ = {isa = PBXFileReference; lastKnownFileType = sourcecode.swift; path = UserCellViewModel.swift; sourceTree = "<group>"; };
		B4173D5B263061ED00361969 /* UserService.swift */ = {isa = PBXFileReference; lastKnownFileType = sourcecode.swift; path = UserService.swift; sourceTree = "<group>"; };
		B4173D5E2630626A00361969 /* Constants.swift */ = {isa = PBXFileReference; lastKnownFileType = sourcecode.swift; path = Constants.swift; sourceTree = "<group>"; };
		B4173D612630659A00361969 /* User.swift */ = {isa = PBXFileReference; lastKnownFileType = sourcecode.swift; path = User.swift; sourceTree = "<group>"; };
		B4173D642630759C00361969 /* ProfileHeaderViewModel.swift */ = {isa = PBXFileReference; lastKnownFileType = sourcecode.swift; path = ProfileHeaderViewModel.swift; sourceTree = "<group>"; };
		B42C3556262FD24D008E8959 /* ProfileCell.swift */ = {isa = PBXFileReference; lastKnownFileType = sourcecode.swift; path = ProfileCell.swift; sourceTree = "<group>"; };
		B42C3559262FD259008E8959 /* ProfileHeader.swift */ = {isa = PBXFileReference; lastKnownFileType = sourcecode.swift; path = ProfileHeader.swift; sourceTree = "<group>"; };
		B42D47A2262EB089003DBB57 /* InstagramFireStoreTutorial.app */ = {isa = PBXFileReference; explicitFileType = wrapper.application; includeInIndex = 0; path = InstagramFireStoreTutorial.app; sourceTree = BUILT_PRODUCTS_DIR; };
		B42D47A5262EB089003DBB57 /* AppDelegate.swift */ = {isa = PBXFileReference; lastKnownFileType = sourcecode.swift; path = AppDelegate.swift; sourceTree = "<group>"; };
		B42D47A7262EB089003DBB57 /* SceneDelegate.swift */ = {isa = PBXFileReference; lastKnownFileType = sourcecode.swift; path = SceneDelegate.swift; sourceTree = "<group>"; };
		B42D47A9262EB089003DBB57 /* ViewController.swift */ = {isa = PBXFileReference; lastKnownFileType = sourcecode.swift; path = ViewController.swift; sourceTree = "<group>"; };
		B42D47AC262EB089003DBB57 /* Base */ = {isa = PBXFileReference; lastKnownFileType = file.storyboard; name = Base; path = Base.lproj/Main.storyboard; sourceTree = "<group>"; };
		B42D47AE262EB08A003DBB57 /* Assets.xcassets */ = {isa = PBXFileReference; lastKnownFileType = folder.assetcatalog; path = Assets.xcassets; sourceTree = "<group>"; };
		B42D47B1262EB08A003DBB57 /* Base */ = {isa = PBXFileReference; lastKnownFileType = file.storyboard; name = Base; path = Base.lproj/LaunchScreen.storyboard; sourceTree = "<group>"; };
		B42D47B3262EB08A003DBB57 /* Info.plist */ = {isa = PBXFileReference; lastKnownFileType = text.plist.xml; path = Info.plist; sourceTree = "<group>"; };
		B42D47C2262EB17A003DBB57 /* FeedCell.swift */ = {isa = PBXFileReference; lastKnownFileType = sourcecode.swift; path = FeedCell.swift; sourceTree = "<group>"; };
		B42D47C5262EB188003DBB57 /* CustomTextField.swift */ = {isa = PBXFileReference; lastKnownFileType = sourcecode.swift; path = CustomTextField.swift; sourceTree = "<group>"; };
		B42D47C8262EB1AE003DBB57 /* AuthenticationViewModel.swift */ = {isa = PBXFileReference; lastKnownFileType = sourcecode.swift; path = AuthenticationViewModel.swift; sourceTree = "<group>"; };
		B42D47CB262EB1BF003DBB57 /* LoginController.swift */ = {isa = PBXFileReference; lastKnownFileType = sourcecode.swift; path = LoginController.swift; sourceTree = "<group>"; };
		B42D47CE262EB1CA003DBB57 /* RegistrationController.swift */ = {isa = PBXFileReference; lastKnownFileType = sourcecode.swift; path = RegistrationController.swift; sourceTree = "<group>"; };
		B42D47D1262EB1DE003DBB57 /* MainTapController.swift */ = {isa = PBXFileReference; lastKnownFileType = sourcecode.swift; path = MainTapController.swift; sourceTree = "<group>"; };
		B42D47D4262EB1E9003DBB57 /* FeedController.swift */ = {isa = PBXFileReference; lastKnownFileType = sourcecode.swift; path = FeedController.swift; sourceTree = "<group>"; };
		B42D47D7262EB1F5003DBB57 /* SearchController.swift */ = {isa = PBXFileReference; lastKnownFileType = sourcecode.swift; path = SearchController.swift; sourceTree = "<group>"; };
		B42D47DA262EB201003DBB57 /* ImageSelectorController.swift */ = {isa = PBXFileReference; lastKnownFileType = sourcecode.swift; path = ImageSelectorController.swift; sourceTree = "<group>"; };
		B42D47DD262EB20D003DBB57 /* NotificationController.swift */ = {isa = PBXFileReference; lastKnownFileType = sourcecode.swift; path = NotificationController.swift; sourceTree = "<group>"; };
		B42D47E0262EB214003DBB57 /* ProfileController.swift */ = {isa = PBXFileReference; lastKnownFileType = sourcecode.swift; path = ProfileController.swift; sourceTree = "<group>"; };
		B42D47E3262EB21F003DBB57 /* Extentions.swift */ = {isa = PBXFileReference; lastKnownFileType = sourcecode.swift; path = Extentions.swift; sourceTree = "<group>"; };
		B42D47E6262EB6D4003DBB57 /* GoogleService-Info.plist */ = {isa = PBXFileReference; lastKnownFileType = text.plist; path = "GoogleService-Info.plist"; sourceTree = SOURCE_ROOT; };
		B42D480A262EBA48003DBB57 /* ImageUploader.swift */ = {isa = PBXFileReference; lastKnownFileType = sourcecode.swift; path = ImageUploader.swift; sourceTree = "<group>"; };
		B42D480E262EBA5D003DBB57 /* AuthService.swift */ = {isa = PBXFileReference; lastKnownFileType = sourcecode.swift; path = AuthService.swift; sourceTree = "<group>"; };
		B42D71F126352F1200900128 /* UploadPostController.swift */ = {isa = PBXFileReference; lastKnownFileType = sourcecode.swift; path = UploadPostController.swift; sourceTree = "<group>"; };
		B42D71F426353B4A00900128 /* InputTextView.swift */ = {isa = PBXFileReference; lastKnownFileType = sourcecode.swift; path = InputTextView.swift; sourceTree = "<group>"; };
		CA3C3AACD959508A9754A59B /* Pods_InstagramFireStoreTutorial.framework */ = {isa = PBXFileReference; explicitFileType = wrapper.framework; includeInIndex = 0; path = Pods_InstagramFireStoreTutorial.framework; sourceTree = BUILT_PRODUCTS_DIR; };
		F0BCB62BC8D513B9E794819C /* Pods-InstagramFireStoreTutorial.debug.xcconfig */ = {isa = PBXFileReference; includeInIndex = 1; lastKnownFileType = text.xcconfig; name = "Pods-InstagramFireStoreTutorial.debug.xcconfig"; path = "Target Support Files/Pods-InstagramFireStoreTutorial/Pods-InstagramFireStoreTutorial.debug.xcconfig"; sourceTree = "<group>"; };
/* End PBXFileReference section */

/* Begin PBXFrameworksBuildPhase section */
		B42D479F262EB089003DBB57 /* Frameworks */ = {
			isa = PBXFrameworksBuildPhase;
			buildActionMask = 2147483647;
			files = (
				D26707BE18CF86E0269BE5D0 /* Pods_InstagramFireStoreTutorial.framework in Frameworks */,
			);
			runOnlyForDeploymentPostprocessing = 0;
		};
/* End PBXFrameworksBuildPhase section */

/* Begin PBXGroup section */
		5C5EFA6562C113E4521E6725 /* Frameworks */ = {
			isa = PBXGroup;
			children = (
				CA3C3AACD959508A9754A59B /* Pods_InstagramFireStoreTutorial.framework */,
			);
			name = Frameworks;
			sourceTree = "<group>";
		};
		B42C355C262FD261008E8959 /* Profile */ = {
			isa = PBXGroup;
			children = (
				B42C3556262FD24D008E8959 /* ProfileCell.swift */,
				B42C3559262FD259008E8959 /* ProfileHeader.swift */,
			);
			path = Profile;
			sourceTree = "<group>";
		};
		B42D4799262EB089003DBB57 = {
			isa = PBXGroup;
			children = (
				B42D47A4262EB089003DBB57 /* InstagramFireStoreTutorial */,
				B42D47A3262EB089003DBB57 /* Products */,
				F1C4183EC56D5761DF3B3AA6 /* Pods */,
				5C5EFA6562C113E4521E6725 /* Frameworks */,
			);
			sourceTree = "<group>";
		};
		B42D47A3262EB089003DBB57 /* Products */ = {
			isa = PBXGroup;
			children = (
				B42D47A2262EB089003DBB57 /* InstagramFireStoreTutorial.app */,
			);
			name = Products;
			sourceTree = "<group>";
		};
		B42D47A4262EB089003DBB57 /* InstagramFireStoreTutorial */ = {
			isa = PBXGroup;
			children = (
				B42D47BB262EB0F1003DBB57 /* Model */,
				B42D47BC262EB10B003DBB57 /* View */,
				B42D47BD262EB116003DBB57 /* ViewModel */,
				B42D47BE262EB121003DBB57 /* Controller */,
				B42D47BF262EB127003DBB57 /* API */,
				B42D47C0262EB12D003DBB57 /* Utils */,
				B42D47A5262EB089003DBB57 /* AppDelegate.swift */,
				B42D47A7262EB089003DBB57 /* SceneDelegate.swift */,
				B42D47A9262EB089003DBB57 /* ViewController.swift */,
				B42D47AB262EB089003DBB57 /* Main.storyboard */,
				B42D47AE262EB08A003DBB57 /* Assets.xcassets */,
				B42D47B0262EB08A003DBB57 /* LaunchScreen.storyboard */,
				B42D47B3262EB08A003DBB57 /* Info.plist */,
				B42D47E6262EB6D4003DBB57 /* GoogleService-Info.plist */,
			);
			path = InstagramFireStoreTutorial;
			sourceTree = "<group>";
		};
		B42D47BB262EB0F1003DBB57 /* Model */ = {
			isa = PBXGroup;
			children = (
				B4173D612630659A00361969 /* User.swift */,
			);
			path = Model;
			sourceTree = "<group>";
		};
		B42D47BC262EB10B003DBB57 /* View */ = {
			isa = PBXGroup;
			children = (
				B42C355C262FD261008E8959 /* Profile */,
				B42D47C2262EB17A003DBB57 /* FeedCell.swift */,
				B42D47C5262EB188003DBB57 /* CustomTextField.swift */,
				B412CA4E263149A60000C1C5 /* UserCell.swift */,
			);
			path = View;
			sourceTree = "<group>";
		};
		B42D47BD262EB116003DBB57 /* ViewModel */ = {
			isa = PBXGroup;
			children = (
				B42D47C8262EB1AE003DBB57 /* AuthenticationViewModel.swift */,
				B4173D642630759C00361969 /* ProfileHeaderViewModel.swift */,
				B412CA51263161130000C1C5 /* UserCellViewModel.swift */,
			);
			path = ViewModel;
			sourceTree = "<group>";
		};
		B42D47BE262EB121003DBB57 /* Controller */ = {
			isa = PBXGroup;
			children = (
				B42D47C1262EB167003DBB57 /* Authentication */,
				B42D47D1262EB1DE003DBB57 /* MainTapController.swift */,
				B42D47D4262EB1E9003DBB57 /* FeedController.swift */,
				B42D47D7262EB1F5003DBB57 /* SearchController.swift */,
				B42D47DA262EB201003DBB57 /* ImageSelectorController.swift */,
				B42D47DD262EB20D003DBB57 /* NotificationController.swift */,
				B42D47E0262EB214003DBB57 /* ProfileController.swift */,
				B42D71F126352F1200900128 /* UploadPostController.swift */,
			);
			path = Controller;
			sourceTree = "<group>";
		};
		B42D47BF262EB127003DBB57 /* API */ = {
			isa = PBXGroup;
			children = (
				B42D480A262EBA48003DBB57 /* ImageUploader.swift */,
				B42D480E262EBA5D003DBB57 /* AuthService.swift */,
				B4173D5B263061ED00361969 /* UserService.swift */,
			);
			path = API;
			sourceTree = "<group>";
		};
		B42D47C0262EB12D003DBB57 /* Utils */ = {
			isa = PBXGroup;
			children = (
				B42D47E3262EB21F003DBB57 /* Extentions.swift */,
				B4173D5E2630626A00361969 /* Constants.swift */,
				B42D71F426353B4A00900128 /* InputTextView.swift */,
			);
			path = Utils;
			sourceTree = "<group>";
		};
		B42D47C1262EB167003DBB57 /* Authentication */ = {
			isa = PBXGroup;
			children = (
				B42D47CB262EB1BF003DBB57 /* LoginController.swift */,
				B42D47CE262EB1CA003DBB57 /* RegistrationController.swift */,
			);
			path = Authentication;
			sourceTree = "<group>";
		};
		F1C4183EC56D5761DF3B3AA6 /* Pods */ = {
			isa = PBXGroup;
			children = (
				F0BCB62BC8D513B9E794819C /* Pods-InstagramFireStoreTutorial.debug.xcconfig */,
				0358A1B480BBAF30C25D0A92 /* Pods-InstagramFireStoreTutorial.release.xcconfig */,
			);
			path = Pods;
			sourceTree = "<group>";
		};
/* End PBXGroup section */

/* Begin PBXNativeTarget section */
		B42D47A1262EB089003DBB57 /* InstagramFireStoreTutorial */ = {
			isa = PBXNativeTarget;
			buildConfigurationList = B42D47B6262EB08A003DBB57 /* Build configuration list for PBXNativeTarget "InstagramFireStoreTutorial" */;
			buildPhases = (
				353BA8DBD883C26397D138B2 /* [CP] Check Pods Manifest.lock */,
				B42D479E262EB089003DBB57 /* Sources */,
				B42D479F262EB089003DBB57 /* Frameworks */,
				B42D47A0262EB089003DBB57 /* Resources */,
				5CC2BE99AADBEAB885B6F9F5 /* [CP] Embed Pods Frameworks */,
			);
			buildRules = (
			);
			dependencies = (
			);
			name = InstagramFireStoreTutorial;
			productName = InstagramFireStoreTutorial;
			productReference = B42D47A2262EB089003DBB57 /* InstagramFireStoreTutorial.app */;
			productType = "com.apple.product-type.application";
		};
/* End PBXNativeTarget section */

/* Begin PBXProject section */
		B42D479A262EB089003DBB57 /* Project object */ = {
			isa = PBXProject;
			attributes = {
				LastSwiftUpdateCheck = 1240;
				LastUpgradeCheck = 1240;
				TargetAttributes = {
					B42D47A1262EB089003DBB57 = {
						CreatedOnToolsVersion = 12.4;
					};
				};
			};
			buildConfigurationList = B42D479D262EB089003DBB57 /* Build configuration list for PBXProject "InstagramFireStoreTutorial" */;
			compatibilityVersion = "Xcode 9.3";
			developmentRegion = en;
			hasScannedForEncodings = 0;
			knownRegions = (
				en,
				Base,
			);
			mainGroup = B42D4799262EB089003DBB57;
			productRefGroup = B42D47A3262EB089003DBB57 /* Products */;
			projectDirPath = "";
			projectRoot = "";
			targets = (
				B42D47A1262EB089003DBB57 /* InstagramFireStoreTutorial */,
			);
		};
/* End PBXProject section */

/* Begin PBXResourcesBuildPhase section */
		B42D47A0262EB089003DBB57 /* Resources */ = {
			isa = PBXResourcesBuildPhase;
			buildActionMask = 2147483647;
			files = (
				B42D47B2262EB08A003DBB57 /* LaunchScreen.storyboard in Resources */,
				B42D47E7262EB6D4003DBB57 /* GoogleService-Info.plist in Resources */,
				B42D47AF262EB08A003DBB57 /* Assets.xcassets in Resources */,
				B42D47AD262EB089003DBB57 /* Main.storyboard in Resources */,
			);
			runOnlyForDeploymentPostprocessing = 0;
		};
/* End PBXResourcesBuildPhase section */

/* Begin PBXShellScriptBuildPhase section */
		353BA8DBD883C26397D138B2 /* [CP] Check Pods Manifest.lock */ = {
			isa = PBXShellScriptBuildPhase;
			buildActionMask = 2147483647;
			files = (
			);
			inputFileListPaths = (
			);
			inputPaths = (
				"${PODS_PODFILE_DIR_PATH}/Podfile.lock",
				"${PODS_ROOT}/Manifest.lock",
			);
			name = "[CP] Check Pods Manifest.lock";
			outputFileListPaths = (
			);
			outputPaths = (
				"$(DERIVED_FILE_DIR)/Pods-InstagramFireStoreTutorial-checkManifestLockResult.txt",
			);
			runOnlyForDeploymentPostprocessing = 0;
			shellPath = /bin/sh;
			shellScript = "diff \"${PODS_PODFILE_DIR_PATH}/Podfile.lock\" \"${PODS_ROOT}/Manifest.lock\" > /dev/null\nif [ $? != 0 ] ; then\n    # print error to STDERR\n    echo \"error: The sandbox is not in sync with the Podfile.lock. Run 'pod install' or update your CocoaPods installation.\" >&2\n    exit 1\nfi\n# This output is used by Xcode 'outputs' to avoid re-running this script phase.\necho \"SUCCESS\" > \"${SCRIPT_OUTPUT_FILE_0}\"\n";
			showEnvVarsInLog = 0;
		};
		5CC2BE99AADBEAB885B6F9F5 /* [CP] Embed Pods Frameworks */ = {
			isa = PBXShellScriptBuildPhase;
			buildActionMask = 2147483647;
			files = (
			);
			inputFileListPaths = (
				"${PODS_ROOT}/Target Support Files/Pods-InstagramFireStoreTutorial/Pods-InstagramFireStoreTutorial-frameworks-${CONFIGURATION}-input-files.xcfilelist",
			);
			name = "[CP] Embed Pods Frameworks";
			outputFileListPaths = (
				"${PODS_ROOT}/Target Support Files/Pods-InstagramFireStoreTutorial/Pods-InstagramFireStoreTutorial-frameworks-${CONFIGURATION}-output-files.xcfilelist",
			);
			runOnlyForDeploymentPostprocessing = 0;
			shellPath = /bin/sh;
			shellScript = "\"${PODS_ROOT}/Target Support Files/Pods-InstagramFireStoreTutorial/Pods-InstagramFireStoreTutorial-frameworks.sh\"\n";
			showEnvVarsInLog = 0;
		};
/* End PBXShellScriptBuildPhase section */

/* Begin PBXSourcesBuildPhase section */
		B42D479E262EB089003DBB57 /* Sources */ = {
			isa = PBXSourcesBuildPhase;
			buildActionMask = 2147483647;
			files = (
				B42D47C9262EB1AE003DBB57 /* AuthenticationViewModel.swift in Sources */,
				B42C355A262FD259008E8959 /* ProfileHeader.swift in Sources */,
				B42D71F226352F1200900128 /* UploadPostController.swift in Sources */,
				B42D47D2262EB1DE003DBB57 /* MainTapController.swift in Sources */,
				B42D47E4262EB21F003DBB57 /* Extentions.swift in Sources */,
				B42D47AA262EB089003DBB57 /* ViewController.swift in Sources */,
				B42D47C3262EB17A003DBB57 /* FeedCell.swift in Sources */,
				B42D47DB262EB201003DBB57 /* ImageSelectorController.swift in Sources */,
				B42D47A6262EB089003DBB57 /* AppDelegate.swift in Sources */,
				B412CA4F263149A60000C1C5 /* UserCell.swift in Sources */,
				B42D47A8262EB089003DBB57 /* SceneDelegate.swift in Sources */,
				B42D47E1262EB214003DBB57 /* ProfileController.swift in Sources */,
				B4173D622630659A00361969 /* User.swift in Sources */,
				B42D47C6262EB188003DBB57 /* CustomTextField.swift in Sources */,
				B4173D652630759C00361969 /* ProfileHeaderViewModel.swift in Sources */,
				B42D71F526353B4A00900128 /* InputTextView.swift in Sources */,
				B4173D5F2630626A00361969 /* Constants.swift in Sources */,
				B42D47D5262EB1E9003DBB57 /* FeedController.swift in Sources */,
				B412CA52263161130000C1C5 /* UserCellViewModel.swift in Sources */,
				B42D47DE262EB20D003DBB57 /* NotificationController.swift in Sources */,
				B42D47D8262EB1F5003DBB57 /* SearchController.swift in Sources */,
				B42D480B262EBA48003DBB57 /* ImageUploader.swift in Sources */,
				B42D480F262EBA5D003DBB57 /* AuthService.swift in Sources */,
				B4173D5C263061ED00361969 /* UserService.swift in Sources */,
				B42C3557262FD24D008E8959 /* ProfileCell.swift in Sources */,
				B42D47CF262EB1CA003DBB57 /* RegistrationController.swift in Sources */,
				B42D47CC262EB1BF003DBB57 /* LoginController.swift in Sources */,
			);
			runOnlyForDeploymentPostprocessing = 0;
		};
/* End PBXSourcesBuildPhase section */

/* Begin PBXVariantGroup section */
		B42D47AB262EB089003DBB57 /* Main.storyboard */ = {
			isa = PBXVariantGroup;
			children = (
				B42D47AC262EB089003DBB57 /* Base */,
			);
			name = Main.storyboard;
			sourceTree = "<group>";
		};
		B42D47B0262EB08A003DBB57 /* LaunchScreen.storyboard */ = {
			isa = PBXVariantGroup;
			children = (
				B42D47B1262EB08A003DBB57 /* Base */,
			);
			name = LaunchScreen.storyboard;
			sourceTree = "<group>";
		};
/* End PBXVariantGroup section */

/* Begin XCBuildConfiguration section */
		B42D47B4262EB08A003DBB57 /* Debug */ = {
			isa = XCBuildConfiguration;
			buildSettings = {
				ALWAYS_SEARCH_USER_PATHS = NO;
				CLANG_ANALYZER_NONNULL = YES;
				CLANG_ANALYZER_NUMBER_OBJECT_CONVERSION = YES_AGGRESSIVE;
				CLANG_CXX_LANGUAGE_STANDARD = "gnu++14";
				CLANG_CXX_LIBRARY = "libc++";
				CLANG_ENABLE_MODULES = YES;
				CLANG_ENABLE_OBJC_ARC = YES;
				CLANG_ENABLE_OBJC_WEAK = YES;
				CLANG_WARN_BLOCK_CAPTURE_AUTORELEASING = YES;
				CLANG_WARN_BOOL_CONVERSION = YES;
				CLANG_WARN_COMMA = YES;
				CLANG_WARN_CONSTANT_CONVERSION = YES;
				CLANG_WARN_DEPRECATED_OBJC_IMPLEMENTATIONS = YES;
				CLANG_WARN_DIRECT_OBJC_ISA_USAGE = YES_ERROR;
				CLANG_WARN_DOCUMENTATION_COMMENTS = YES;
				CLANG_WARN_EMPTY_BODY = YES;
				CLANG_WARN_ENUM_CONVERSION = YES;
				CLANG_WARN_INFINITE_RECURSION = YES;
				CLANG_WARN_INT_CONVERSION = YES;
				CLANG_WARN_NON_LITERAL_NULL_CONVERSION = YES;
				CLANG_WARN_OBJC_IMPLICIT_RETAIN_SELF = YES;
				CLANG_WARN_OBJC_LITERAL_CONVERSION = YES;
				CLANG_WARN_OBJC_ROOT_CLASS = YES_ERROR;
				CLANG_WARN_QUOTED_INCLUDE_IN_FRAMEWORK_HEADER = YES;
				CLANG_WARN_RANGE_LOOP_ANALYSIS = YES;
				CLANG_WARN_STRICT_PROTOTYPES = YES;
				CLANG_WARN_SUSPICIOUS_MOVE = YES;
				CLANG_WARN_UNGUARDED_AVAILABILITY = YES_AGGRESSIVE;
				CLANG_WARN_UNREACHABLE_CODE = YES;
				CLANG_WARN__DUPLICATE_METHOD_MATCH = YES;
				COPY_PHASE_STRIP = NO;
				DEBUG_INFORMATION_FORMAT = dwarf;
				ENABLE_STRICT_OBJC_MSGSEND = YES;
				ENABLE_TESTABILITY = YES;
				GCC_C_LANGUAGE_STANDARD = gnu11;
				GCC_DYNAMIC_NO_PIC = NO;
				GCC_NO_COMMON_BLOCKS = YES;
				GCC_OPTIMIZATION_LEVEL = 0;
				GCC_PREPROCESSOR_DEFINITIONS = (
					"DEBUG=1",
					"$(inherited)",
				);
				GCC_WARN_64_TO_32_BIT_CONVERSION = YES;
				GCC_WARN_ABOUT_RETURN_TYPE = YES_ERROR;
				GCC_WARN_UNDECLARED_SELECTOR = YES;
				GCC_WARN_UNINITIALIZED_AUTOS = YES_AGGRESSIVE;
				GCC_WARN_UNUSED_FUNCTION = YES;
				GCC_WARN_UNUSED_VARIABLE = YES;
				IPHONEOS_DEPLOYMENT_TARGET = 14.4;
				MTL_ENABLE_DEBUG_INFO = INCLUDE_SOURCE;
				MTL_FAST_MATH = YES;
				ONLY_ACTIVE_ARCH = YES;
				SDKROOT = iphoneos;
				SWIFT_ACTIVE_COMPILATION_CONDITIONS = DEBUG;
				SWIFT_OPTIMIZATION_LEVEL = "-Onone";
			};
			name = Debug;
		};
		B42D47B5262EB08A003DBB57 /* Release */ = {
			isa = XCBuildConfiguration;
			buildSettings = {
				ALWAYS_SEARCH_USER_PATHS = NO;
				CLANG_ANALYZER_NONNULL = YES;
				CLANG_ANALYZER_NUMBER_OBJECT_CONVERSION = YES_AGGRESSIVE;
				CLANG_CXX_LANGUAGE_STANDARD = "gnu++14";
				CLANG_CXX_LIBRARY = "libc++";
				CLANG_ENABLE_MODULES = YES;
				CLANG_ENABLE_OBJC_ARC = YES;
				CLANG_ENABLE_OBJC_WEAK = YES;
				CLANG_WARN_BLOCK_CAPTURE_AUTORELEASING = YES;
				CLANG_WARN_BOOL_CONVERSION = YES;
				CLANG_WARN_COMMA = YES;
				CLANG_WARN_CONSTANT_CONVERSION = YES;
				CLANG_WARN_DEPRECATED_OBJC_IMPLEMENTATIONS = YES;
				CLANG_WARN_DIRECT_OBJC_ISA_USAGE = YES_ERROR;
				CLANG_WARN_DOCUMENTATION_COMMENTS = YES;
				CLANG_WARN_EMPTY_BODY = YES;
				CLANG_WARN_ENUM_CONVERSION = YES;
				CLANG_WARN_INFINITE_RECURSION = YES;
				CLANG_WARN_INT_CONVERSION = YES;
				CLANG_WARN_NON_LITERAL_NULL_CONVERSION = YES;
				CLANG_WARN_OBJC_IMPLICIT_RETAIN_SELF = YES;
				CLANG_WARN_OBJC_LITERAL_CONVERSION = YES;
				CLANG_WARN_OBJC_ROOT_CLASS = YES_ERROR;
				CLANG_WARN_QUOTED_INCLUDE_IN_FRAMEWORK_HEADER = YES;
				CLANG_WARN_RANGE_LOOP_ANALYSIS = YES;
				CLANG_WARN_STRICT_PROTOTYPES = YES;
				CLANG_WARN_SUSPICIOUS_MOVE = YES;
				CLANG_WARN_UNGUARDED_AVAILABILITY = YES_AGGRESSIVE;
				CLANG_WARN_UNREACHABLE_CODE = YES;
				CLANG_WARN__DUPLICATE_METHOD_MATCH = YES;
				COPY_PHASE_STRIP = NO;
				DEBUG_INFORMATION_FORMAT = "dwarf-with-dsym";
				ENABLE_NS_ASSERTIONS = NO;
				ENABLE_STRICT_OBJC_MSGSEND = YES;
				GCC_C_LANGUAGE_STANDARD = gnu11;
				GCC_NO_COMMON_BLOCKS = YES;
				GCC_WARN_64_TO_32_BIT_CONVERSION = YES;
				GCC_WARN_ABOUT_RETURN_TYPE = YES_ERROR;
				GCC_WARN_UNDECLARED_SELECTOR = YES;
				GCC_WARN_UNINITIALIZED_AUTOS = YES_AGGRESSIVE;
				GCC_WARN_UNUSED_FUNCTION = YES;
				GCC_WARN_UNUSED_VARIABLE = YES;
				IPHONEOS_DEPLOYMENT_TARGET = 14.4;
				MTL_ENABLE_DEBUG_INFO = NO;
				MTL_FAST_MATH = YES;
				SDKROOT = iphoneos;
				SWIFT_COMPILATION_MODE = wholemodule;
				SWIFT_OPTIMIZATION_LEVEL = "-O";
				VALIDATE_PRODUCT = YES;
			};
			name = Release;
		};
		B42D47B7262EB08A003DBB57 /* Debug */ = {
			isa = XCBuildConfiguration;
			baseConfigurationReference = F0BCB62BC8D513B9E794819C /* Pods-InstagramFireStoreTutorial.debug.xcconfig */;
			buildSettings = {
				ASSETCATALOG_COMPILER_APPICON_NAME = AppIcon;
				ASSETCATALOG_COMPILER_GLOBAL_ACCENT_COLOR_NAME = AccentColor;
				CODE_SIGN_STYLE = Automatic;
				INFOPLIST_FILE = InstagramFireStoreTutorial/Info.plist;
				LD_RUNPATH_SEARCH_PATHS = (
					"$(inherited)",
					"@executable_path/Frameworks",
				);
				PRODUCT_BUNDLE_IDENTIFIER = camosss.InstagramFireStoreTutorial;
				PRODUCT_NAME = "$(TARGET_NAME)";
				SWIFT_VERSION = 5.0;
				TARGETED_DEVICE_FAMILY = "1,2";
			};
			name = Debug;
		};
		B42D47B8262EB08A003DBB57 /* Release */ = {
			isa = XCBuildConfiguration;
			baseConfigurationReference = 0358A1B480BBAF30C25D0A92 /* Pods-InstagramFireStoreTutorial.release.xcconfig */;
			buildSettings = {
				ASSETCATALOG_COMPILER_APPICON_NAME = AppIcon;
				ASSETCATALOG_COMPILER_GLOBAL_ACCENT_COLOR_NAME = AccentColor;
				CODE_SIGN_STYLE = Automatic;
				INFOPLIST_FILE = InstagramFireStoreTutorial/Info.plist;
				LD_RUNPATH_SEARCH_PATHS = (
					"$(inherited)",
					"@executable_path/Frameworks",
				);
				PRODUCT_BUNDLE_IDENTIFIER = camosss.InstagramFireStoreTutorial;
				PRODUCT_NAME = "$(TARGET_NAME)";
				SWIFT_VERSION = 5.0;
				TARGETED_DEVICE_FAMILY = "1,2";
			};
			name = Release;
		};
/* End XCBuildConfiguration section */

/* Begin XCConfigurationList section */
		B42D479D262EB089003DBB57 /* Build configuration list for PBXProject "InstagramFireStoreTutorial" */ = {
			isa = XCConfigurationList;
			buildConfigurations = (
				B42D47B4262EB08A003DBB57 /* Debug */,
				B42D47B5262EB08A003DBB57 /* Release */,
			);
			defaultConfigurationIsVisible = 0;
			defaultConfigurationName = Release;
		};
		B42D47B6262EB08A003DBB57 /* Build configuration list for PBXNativeTarget "InstagramFireStoreTutorial" */ = {
			isa = XCConfigurationList;
			buildConfigurations = (
				B42D47B7262EB08A003DBB57 /* Debug */,
				B42D47B8262EB08A003DBB57 /* Release */,
			);
			defaultConfigurationIsVisible = 0;
			defaultConfigurationName = Release;
		};
/* End XCConfigurationList section */
	};
	rootObject = B42D479A262EB089003DBB57 /* Project object */;
}
